# This file is automatically @generated by Poetry 1.6.1 and should not be changed by hand.

[[package]]
name = "ply"
version = "3.11"
description = "Python Lex & Yacc"
optional = false
python-versions = "*"
files = [
    {file = "ply-3.11-py2.py3-none-any.whl", hash = "sha256:096f9b8350b65ebd2fd1346b12452efe5b9607f7482813ffca50c22722a807ce"},
    {file = "ply-3.11.tar.gz", hash = "sha256:00c7c1aaa88358b9c765b6d3000c6eec0ba42abca5351b095321aef446081da3"},
]

[[package]]
name = "simple-ddl-parser"
version = "1.1.0"
description = "Simple DDL Parser to parse SQL & dialects like HQL, TSQL (MSSQL), Oracle, AWS Redshift, Snowflake, MySQL, PostgreSQL, etc ddl files to json/python dict with full information about columns: types, defaults, primary keys, etc.; sequences, alters, custom types & other entities from ddl."
optional = false
python-versions = "<4.0,>=3.6"
files = [
    {file = "simple_ddl_parser-1.1.0-py3-none-any.whl", hash = "sha256:11cda34ae10b200bb940c701f12bb858c8f7098e23ca7902fe975d09587168a4"},
    {file = "simple_ddl_parser-1.1.0.tar.gz", hash = "sha256:0c9bcc463fc05b773dbc469e0f1af9cd78b8fe59742eb9fbac9005b9150fe850"},
]

[package.dependencies]
ply = ">=3.11,<4.0"

[metadata]
lock-version = "2.0"
python-versions = "^3.8"
content-hash = "6d8562cc0c7edb783c1482af95b65b43ca3588f784aa345fb2102f76a843e4d2"
